// !$*UTF8*$!
{
	archiveVersion = 1;
	classes = {
	};
	objectVersion = 46;
	objects = {

/* Begin PBXBuildFile section */
		66B932531B04AC450082E215 /* AppDelegate.swift in Sources */ = {isa = PBXBuildFile; fileRef = 66B932521B04AC450082E215 /* AppDelegate.swift */; };
		66B932551B04AC450082E215 /* ViewController.swift in Sources */ = {isa = PBXBuildFile; fileRef = 66B932541B04AC450082E215 /* ViewController.swift */; };
		66B932581B04AC450082E215 /* Main.storyboard in Resources */ = {isa = PBXBuildFile; fileRef = 66B932561B04AC450082E215 /* Main.storyboard */; };
		66B9325A1B04AC450082E215 /* Images.xcassets in Resources */ = {isa = PBXBuildFile; fileRef = 66B932591B04AC450082E215 /* Images.xcassets */; };
		66B9325D1B04AC450082E215 /* LaunchScreen.xib in Resources */ = {isa = PBXBuildFile; fileRef = 66B9325B1B04AC450082E215 /* LaunchScreen.xib */; };
		66B932691B04AC450082E215 /* DiscoButtonTests.swift in Sources */ = {isa = PBXBuildFile; fileRef = 66B932681B04AC450082E215 /* DiscoButtonTests.swift */; };
/* End PBXBuildFile section */

/* Begin PBXContainerItemProxy section */
		66B932631B04AC450082E215 /* PBXContainerItemProxy */ = {
			isa = PBXContainerItemProxy;
			containerPortal = 66B932451B04AC450082E215 /* Project object */;
			proxyType = 1;
			remoteGlobalIDString = 66B9324C1B04AC450082E215;
			remoteInfo = DiscoButton;
		};
/* End PBXContainerItemProxy section */

/* Begin PBXFileReference section */
		66B9324D1B04AC450082E215 /* DiscoButton.app */ = {isa = PBXFileReference; explicitFileType = wrapper.application; includeInIndex = 0; path = DiscoButton.app; sourceTree = BUILT_PRODUCTS_DIR; };
		66B932511B04AC450082E215 /* Info.plist */ = {isa = PBXFileReference; lastKnownFileType = text.plist.xml; path = Info.plist; sourceTree = "<group>"; };
		66B932521B04AC450082E215 /* AppDelegate.swift */ = {isa = PBXFileReference; lastKnownFileType = sourcecode.swift; path = AppDelegate.swift; sourceTree = "<group>"; };
		66B932541B04AC450082E215 /* ViewController.swift */ = {isa = PBXFileReference; lastKnownFileType = sourcecode.swift; path = ViewController.swift; sourceTree = "<group>"; };
		66B932571B04AC450082E215 /* Base */ = {isa = PBXFileReference; lastKnownFileType = file.storyboard; name = Base; path = Base.lproj/Main.storyboard; sourceTree = "<group>"; };
		66B932591B04AC450082E215 /* Images.xcassets */ = {isa = PBXFileReference; lastKnownFileType = folder.assetcatalog; path = Images.xcassets; sourceTree = "<group>"; };
		66B9325C1B04AC450082E215 /* Base */ = {isa = PBXFileReference; lastKnownFileType = file.xib; name = Base; path = Base.lproj/LaunchScreen.xib; sourceTree = "<group>"; };
		66B932621B04AC450082E215 /* DiscoButtonTests.xctest */ = {isa = PBXFileReference; explicitFileType = wrapper.cfbundle; includeInIndex = 0; path = DiscoButtonTests.xctest; sourceTree = BUILT_PRODUCTS_DIR; };
		66B932671B04AC450082E215 /* Info.plist */ = {isa = PBXFileReference; lastKnownFileType = text.plist.xml; path = Info.plist; sourceTree = "<group>"; };
		66B932681B04AC450082E215 /* DiscoButtonTests.swift */ = {isa = PBXFileReference; lastKnownFileType = sourcecode.swift; path = DiscoButtonTests.swift; sourceTree = "<group>"; };
/* End PBXFileReference section */

/* Begin PBXFrameworksBuildPhase section */
		66B9324A1B04AC450082E215 /* Frameworks */ = {
			isa = PBXFrameworksBuildPhase;
			buildActionMask = 2147483647;
			files = (
			);
			runOnlyForDeploymentPostprocessing = 0;
		};
		66B9325F1B04AC450082E215 /* Frameworks */ = {
			isa = PBXFrameworksBuildPhase;
			buildActionMask = 2147483647;
			files = (
			);
			runOnlyForDeploymentPostprocessing = 0;
		};
/* End PBXFrameworksBuildPhase section */

/* Begin PBXGroup section */
		66B932441B04AC450082E215 = {
			isa = PBXGroup;
			children = (
				66B9324F1B04AC450082E215 /* DiscoButton */,
				66B932651B04AC450082E215 /* DiscoButtonTests */,
				66B9324E1B04AC450082E215 /* Products */,
			);
			sourceTree = "<group>";
		};
		66B9324E1B04AC450082E215 /* Products */ = {
			isa = PBXGroup;
			children = (
				66B9324D1B04AC450082E215 /* DiscoButton.app */,
				66B932621B04AC450082E215 /* DiscoButtonTests.xctest */,
			);
			name = Products;
			sourceTree = "<group>";
		};
		66B9324F1B04AC450082E215 /* DiscoButton */ = {
			isa = PBXGroup;
			children = (
				66B932521B04AC450082E215 /* AppDelegate.swift */,
				66B932541B04AC450082E215 /* ViewController.swift */,
				66B932561B04AC450082E215 /* Main.storyboard */,
				66B932591B04AC450082E215 /* Images.xcassets */,
				66B9325B1B04AC450082E215 /* LaunchScreen.xib */,
				66B932501B04AC450082E215 /* Supporting Files */,
			);
			path = DiscoButton;
			sourceTree = "<group>";
		};
		66B932501B04AC450082E215 /* Supporting Files */ = {
			isa = PBXGroup;
			children = (
				66B932511B04AC450082E215 /* Info.plist */,
			);
			name = "Supporting Files";
			sourceTree = "<group>";
		};
		66B932651B04AC450082E215 /* DiscoButtonTests */ = {
			isa = PBXGroup;
			children = (
				66B932681B04AC450082E215 /* DiscoButtonTests.swift */,
				66B932661B04AC450082E215 /* Supporting Files */,
			);
			path = DiscoButtonTests;
			sourceTree = "<group>";
		};
		66B932661B04AC450082E215 /* Supporting Files */ = {
			isa = PBXGroup;
			children = (
				66B932671B04AC450082E215 /* Info.plist */,
			);
			name = "Supporting Files";
			sourceTree = "<group>";
		};
/* End PBXGroup section */

/* Begin PBXNativeTarget section */
		66B9324C1B04AC450082E215 /* DiscoButton */ = {
			isa = PBXNativeTarget;
			buildConfigurationList = 66B9326C1B04AC450082E215 /* Build configuration list for PBXNativeTarget "DiscoButton" */;
			buildPhases = (
				66B932491B04AC450082E215 /* Sources */,
				66B9324A1B04AC450082E215 /* Frameworks */,
				66B9324B1B04AC450082E215 /* Resources */,
			);
			buildRules = (
			);
			dependencies = (
			);
			name = DiscoButton;
			productName = DiscoButton;
			productReference = 66B9324D1B04AC450082E215 /* DiscoButton.app */;
			productType = "com.apple.product-type.application";
		};
		66B932611B04AC450082E215 /* DiscoButtonTests */ = {
			isa = PBXNativeTarget;
			buildConfigurationList = 66B9326F1B04AC450082E215 /* Build configuration list for PBXNativeTarget "DiscoButtonTests" */;
			buildPhases = (
				66B9325E1B04AC450082E215 /* Sources */,
				66B9325F1B04AC450082E215 /* Frameworks */,
				66B932601B04AC450082E215 /* Resources */,
			);
			buildRules = (
			);
			dependencies = (
				66B932641B04AC450082E215 /* PBXTargetDependency */,
			);
			name = DiscoButtonTests;
			productName = DiscoButtonTests;
			productReference = 66B932621B04AC450082E215 /* DiscoButtonTests.xctest */;
			productType = "com.apple.product-type.bundle.unit-test";
		};
/* End PBXNativeTarget section */

/* Begin PBXProject section */
		66B932451B04AC450082E215 /* Project object */ = {
			isa = PBXProject;
			attributes = {
				LastUpgradeCheck = 0630;
				ORGANIZATIONNAME = "Adam Corcoran";
				TargetAttributes = {
					66B9324C1B04AC450082E215 = {
						CreatedOnToolsVersion = 6.3.1;
					};
					66B932611B04AC450082E215 = {
						CreatedOnToolsVersion = 6.3.1;
						TestTargetID = 66B9324C1B04AC450082E215;
					};
				};
			};
			buildConfigurationList = 66B932481B04AC450082E215 /* Build configuration list for PBXProject "DiscoButton" */;
			compatibilityVersion = "Xcode 3.2";
			developmentRegion = English;
			hasScannedForEncodings = 0;
			knownRegions = (
				en,
				Base,
			);
			mainGroup = 66B932441B04AC450082E215;
			productRefGroup = 66B9324E1B04AC450082E215 /* Products */;
			projectDirPath = "";
			projectRoot = "";
			targets = (
				66B9324C1B04AC450082E215 /* DiscoButton */,
				66B932611B04AC450082E215 /* DiscoButtonTests */,
			);
		};
/* End PBXProject section */

/* Begin PBXResourcesBuildPhase section */
		66B9324B1B04AC450082E215 /* Resources */ = {
			isa = PBXResourcesBuildPhase;
			buildActionMask = 2147483647;
			files = (
				66B932581B04AC450082E215 /* Main.storyboard in Resources */,
				66B9325D1B04AC450082E215 /* LaunchScreen.xib in Resources */,
				66B9325A1B04AC450082E215 /* Images.xcassets in Resources */,
			);
			runOnlyForDeploymentPostprocessing = 0;
		};
		66B932601B04AC450082E215 /* Resources */ = {
			isa = PBXResourcesBuildPhase;
			buildActionMask = 2147483647;
			files = (
			);
			runOnlyForDeploymentPostprocessing = 0;
		};
/* End PBXResourcesBuildPhase section */

/* Begin PBXSourcesBuildPhase section */
		66B932491B04AC450082E215 /* Sources */ = {
			isa = PBXSourcesBuildPhase;
			buildActionMask = 2147483647;
			files = (
				66B932551B04AC450082E215 /* ViewController.swift in Sources */,
				66B932531B04AC450082E215 /* AppDelegate.swift in Sources */,
			);
			runOnlyForDeploymentPostprocessing = 0;
		};
		66B9325E1B04AC450082E215 /* Sources */ = {
			isa = PBXSourcesBuildPhase;
			buildActionMask = 2147483647;
			files = (
				66B932691B04AC450082E215 /* DiscoButtonTests.swift in Sources */,
			);
			runOnlyForDeploymentPostprocessing = 0;
		};
/* End PBXSourcesBuildPhase section */

/* Begin PBXTargetDependency section */
		66B932641B04AC450082E215 /* PBXTargetDependency */ = {
			isa = PBXTargetDependency;
			target = 66B9324C1B04AC450082E215 /* DiscoButton */;
			targetProxy = 66B932631B04AC450082E215 /* PBXContainerItemProxy */;
		};
/* End PBXTargetDependency section */

/* Begin PBXVariantGroup section */
		66B932561B04AC450082E215 /* Main.storyboard */ = {
			isa = PBXVariantGroup;
			children = (
				66B932571B04AC450082E215 /* Base */,
			);
			name = Main.storyboard;
			sourceTree = "<group>";
		};
		66B9325B1B04AC450082E215 /* LaunchScreen.xib */ = {
			isa = PBXVariantGroup;
			children = (
				66B9325C1B04AC450082E215 /* Base */,
			);
			name = LaunchScreen.xib;
			sourceTree = "<group>";
		};
/* End PBXVariantGroup section */

/* Begin XCBuildConfiguration section */
		66B9326A1B04AC450082E215 /* Debug */ = {
			isa = XCBuildConfiguration;
			buildSettings = {
				ALWAYS_SEARCH_USER_PATHS = NO;
				CLANG_CXX_LANGUAGE_STANDARD = "gnu++0x";
				CLANG_CXX_LIBRARY = "libc++";
				CLANG_ENABLE_MODULES = YES;
				CLANG_ENABLE_OBJC_ARC = YES;
				CLANG_WARN_BOOL_CONVERSION = YES;
				CLANG_WARN_CONSTANT_CONVERSION = YES;
				CLANG_WARN_DIRECT_OBJC_ISA_USAGE = YES_ERROR;
				CLANG_WARN_EMPTY_BODY = YES;
				CLANG_WARN_ENUM_CONVERSION = YES;
				CLANG_WARN_INT_CONVERSION = YES;
				CLANG_WARN_OBJC_ROOT_CLASS = YES_ERROR;
				CLANG_WARN_UNREACHABLE_CODE = YES;
				CLANG_WARN__DUPLICATE_METHOD_MATCH = YES;
				"CODE_SIGN_IDENTITY[sdk=iphoneos*]" = "iPhone Developer";
				COPY_PHASE_STRIP = NO;
				DEBUG_INFORMATION_FORMAT = "dwarf-with-dsym";
				ENABLE_STRICT_OBJC_MSGSEND = YES;
				GCC_C_LANGUAGE_STANDARD = gnu99;
				GCC_DYNAMIC_NO_PIC = NO;
				GCC_NO_COMMON_BLOCKS = YES;
				GCC_OPTIMIZATION_LEVEL = 0;
				GCC_PREPROCESSOR_DEFINITIONS = (
					"DEBUG=1",
					"$(inherited)",
				);
				GCC_SYMBOLS_PRIVATE_EXTERN = NO;
				GCC_WARN_64_TO_32_BIT_CONVERSION = YES;
				GCC_WARN_ABOUT_RETURN_TYPE = YES_ERROR;
				GCC_WARN_UNDECLARED_SELECTOR = YES;
				GCC_WARN_UNINITIALIZED_AUTOS = YES_AGGRESSIVE;
				GCC_WARN_UNUSED_FUNCTION = YES;
				GCC_WARN_UNUSED_VARIABLE = YES;
				IPHONEOS_DEPLOYMENT_TARGET = 8.3;
				MTL_ENABLE_DEBUG_INFO = YES;
				ONLY_ACTIVE_ARCH = YES;
				SDKROOT = iphoneos;
				SWIFT_OPTIMIZATION_LEVEL = "-Onone";
				TARGETED_DEVICE_FAMILY = "1,2";
			};
			name = Debug;
		};
		66B9326B1B04AC450082E215 /* Release */ = {
			isa = XCBuildConfiguration;
			buildSettings = {
				ALWAYS_SEARCH_USER_PATHS = NO;
				CLANG_CXX_LANGUAGE_STANDARD = "gnu++0x";
				CLANG_CXX_LIBRARY = "libc++";
				CLANG_ENABLE_MODULES = YES;
				CLANG_ENABLE_OBJC_ARC = YES;
				CLANG_WARN_BOOL_CONVERSION = YES;
				CLANG_WARN_CONSTANT_CONVERSION = YES;
				CLANG_WARN_DIRECT_OBJC_ISA_USAGE = YES_ERROR;
				CLANG_WARN_EMPTY_BODY = YES;
				CLANG_WARN_ENUM_CONVERSION = YES;
				CLANG_WARN_INT_CONVERSION = YES;
				CLANG_WARN_OBJC_ROOT_CLASS = YES_ERROR;
				CLANG_WARN_UNREACHABLE_CODE = YES;
				CLANG_WARN__DUPLICATE_METHOD_MATCH = YES;
				"CODE_SIGN_IDENTITY[sdk=iphoneos*]" = "iPhone Developer";
				COPY_PHASE_STRIP = NO;
				DEBUG_INFORMATION_FORMAT = "dwarf-with-dsym";
				ENABLE_NS_ASSERTIONS = NO;
				ENABLE_STRICT_OBJC_MSGSEND = YES;
				GCC_C_LANGUAGE_STANDARD = gnu99;
				GCC_NO_COMMON_BLOCKS = YES;
				GCC_WARN_64_TO_32_BIT_CONVERSION = YES;
				GCC_WARN_ABOUT_RETURN_TYPE = YES_ERROR;
				GCC_WARN_UNDECLARED_SELECTOR = YES;
				GCC_WARN_UNINITIALIZED_AUTOS = YES_AGGRESSIVE;
				GCC_WARN_UNUSED_FUNCTION = YES;
				GCC_WARN_UNUSED_VARIABLE = YES;
				IPHONEOS_DEPLOYMENT_TARGET = 8.3;
				MTL_ENABLE_DEBUG_INFO = NO;
				SDKROOT = iphoneos;
				TARGETED_DEVICE_FAMILY = "1,2";
				VALIDATE_PRODUCT = YES;
			};
			name = Release;
		};
		66B9326D1B04AC450082E215 /* Debug */ = {
			isa = XCBuildConfiguration;
			buildSettings = {
				ASSETCATALOG_COMPILER_APPICON_NAME = AppIcon;
				INFOPLIST_FILE = DiscoButton/Info.plist;
				LD_RUNPATH_SEARCH_PATHS = "$(inherited) @executable_path/Frameworks";
				PRODUCT_NAME = "$(TARGET_NAME)";
			};
			name = Debug;
		};
		66B9326E1B04AC450082E215 /* Release */ = {
			isa = XCBuildConfiguration;
			buildSettings = {
				ASSETCATALOG_COMPILER_APPICON_NAME = AppIcon;
				INFOPLIST_FILE = DiscoButton/Info.plist;
				LD_RUNPATH_SEARCH_PATHS = "$(inherited) @executable_path/Frameworks";
				PRODUCT_NAME = "$(TARGET_NAME)";
			};
			name = Release;
		};
		66B932701B04AC450082E215 /* Debug */ = {
			isa = XCBuildConfiguration;
			buildSettings = {
				BUNDLE_LOADER = "$(TEST_HOST)";
				FRAMEWORK_SEARCH_PATHS = (
					"$(SDKROOT)/Developer/Library/Frameworks",
					"$(inherited)",
				);
				GCC_PREPROCESSOR_DEFINITIONS = (
					"DEBUG=1",
					"$(inherited)",
				);
				INFOPLIST_FILE = DiscoButtonTests/Info.plist;
				LD_RUNPATH_SEARCH_PATHS = "$(inherited) @executable_path/Frameworks @loader_path/Frameworks";
				PRODUCT_NAME = "$(TARGET_NAME)";
				TEST_HOST = "$(BUILT_PRODUCTS_DIR)/DiscoButton.app/DiscoButton";
			};
			name = Debug;
		};
		66B932711B04AC450082E215 /* Release */ = {
			isa = XCBuildConfiguration;
			buildSettings = {
				BUNDLE_LOADER = "$(TEST_HOST)";
				FRAMEWORK_SEARCH_PATHS = (
					"$(SDKROOT)/Developer/Library/Frameworks",
					"$(inherited)",
				);
				INFOPLIST_FILE = DiscoButtonTests/Info.plist;
				LD_RUNPATH_SEARCH_PATHS = "$(inherited) @executable_path/Frameworks @loader_path/Frameworks";
				PRODUCT_NAME = "$(TARGET_NAME)";
				TEST_HOST = "$(BUILT_PRODUCTS_DIR)/DiscoButton.app/DiscoButton";
			};
			name = Release;
		};
/* End XCBuildConfiguration section */

/* Begin XCConfigurationList section */
		66B932481B04AC450082E215 /* Build configuration list for PBXProject "DiscoButton" */ = {
			isa = XCConfigurationList;
			buildConfigurations = (
				66B9326A1B04AC450082E215 /* Debug */,
				66B9326B1B04AC450082E215 /* Release */,
			);
			defaultConfigurationIsVisible = 0;
			defaultConfigurationName = Release;
		};
		66B9326C1B04AC450082E215 /* Build configuration list for PBXNativeTarget "DiscoButton" */ = {
			isa = XCConfigurationList;
			buildConfigurations = (
				66B9326D1B04AC450082E215 /* Debug */,
				66B9326E1B04AC450082E215 /* Release */,
			);
			defaultConfigurationIsVisible = 0;
		};
		66B9326F1B04AC450082E215 /* Build configuration list for PBXNativeTarget "DiscoButtonTests" */ = {
			isa = XCConfigurationList;
			buildConfigurations = (
				66B932701B04AC450082E215 /* Debug */,
				66B932711B04AC450082E215 /* Release */,
			);
			defaultConfigurationIsVisible = 0;
		};
/* End XCConfigurationList section */
	};
	rootObject = 66B932451B04AC450082E215 /* Project object */;
}
